PODS:
  - CocoaAsyncSocket (7.6.0)
  - CocoaLumberjack (3.1.0):
    - CocoaLumberjack/Default (= 3.1.0)
    - CocoaLumberjack/Extensions (= 3.1.0)
  - CocoaLumberjack/Default (3.1.0)
  - CocoaLumberjack/Extensions (3.1.0):
    - CocoaLumberjack/Default
  - libextobjc (0.4.1):
    - libextobjc/EXTADT (= 0.4.1)
    - libextobjc/EXTConcreteProtocol (= 0.4.1)
    - libextobjc/EXTKeyPathCoding (= 0.4.1)
    - libextobjc/EXTNil (= 0.4.1)
    - libextobjc/EXTSafeCategory (= 0.4.1)
    - libextobjc/EXTScope (= 0.4.1)
    - libextobjc/EXTSelectorChecking (= 0.4.1)
    - libextobjc/EXTSynthesize (= 0.4.1)
    - libextobjc/NSInvocation+EXT (= 0.4.1)
    - libextobjc/NSMethodSignature+EXT (= 0.4.1)
    - libextobjc/RuntimeExtensions (= 0.4.1)
    - libextobjc/UmbrellaHeader (= 0.4.1)
  - libextobjc/EXTADT (0.4.1):
    - libextobjc/RuntimeExtensions
  - libextobjc/EXTConcreteProtocol (0.4.1):
    - libextobjc/RuntimeExtensions
  - libextobjc/EXTKeyPathCoding (0.4.1):
    - libextobjc/RuntimeExtensions
  - libextobjc/EXTNil (0.4.1):
    - libextobjc/RuntimeExtensions
  - libextobjc/EXTSafeCategory (0.4.1):
    - libextobjc/RuntimeExtensions
  - libextobjc/EXTScope (0.4.1):
    - libextobjc/RuntimeExtensions
  - libextobjc/EXTSelectorChecking (0.4.1):
    - libextobjc/RuntimeExtensions
  - libextobjc/EXTSynthesize (0.4.1):
    - libextobjc/RuntimeExtensions
  - libextobjc/NSInvocation+EXT (0.4.1):
    - libextobjc/RuntimeExtensions
  - libextobjc/NSMethodSignature+EXT (0.4.1):
    - libextobjc/RuntimeExtensions
  - libextobjc/RuntimeExtensions (0.4.1)
  - libextobjc/UmbrellaHeader (0.4.1)
  - MAGDebugKit (0.7.0):
    - CocoaAsyncSocket (~> 7.6)
    - CocoaLumberjack (~> 3.1)
    - libextobjc (~> 0.4)
    - MAGMatveevReusable (= 0.3.5)
    - Masonry (~> 1.0)
  - MAGMatveevReusable (0.3.5):
    - Masonry (~> 1.0)
  - Masonry (1.0.2)

DEPENDENCIES:
  - MAGDebugKit (from `../`)
  - MAGMatveevReusable (from `https://github.com/Magora-IOS/MAGMatveevReusable.git`)

EXTERNAL SOURCES:
  MAGDebugKit:
    :path: ../
  MAGMatveevReusable:
    :git: https://github.com/Magora-IOS/MAGMatveevReusable.git

CHECKOUT OPTIONS:
  MAGMatveevReusable:
    :commit: 45d436cd00f1d7e1ad7e8dc34f995ab05bd10f5f
    :git: https://github.com/Magora-IOS/MAGMatveevReusable.git

SPEC CHECKSUMS:
  CocoaAsyncSocket: b9d5589f07baf9de8f34cc25abd4fcba28f13805
  CocoaLumberjack: 8311463ddf9ee86a06ef92a071dd656c89244500
  libextobjc: a650fc1bf489a3d3a9bc2e621efa3e1006fc5471
  MAGDebugKit: 1072f4d7a3b1965a6dfbff8965497b8c5e683fb8
  MAGMatveevReusable: 4d875ac6429d809edf708c6b99c1bbbb6a2dc700
  Masonry: 7c429b56da9d4ee0bbb3ed77a5ea710d6a5df39e

PODFILE CHECKSUM: 0ae1416ad2c22e3fdea64ea505a091bbce7b7552

COCOAPODS: 1.3.1
